
Microsoft Visual Studio Solution File, Format Version 12.00
# Visual Studio Version 17
VisualStudioVersion = 17.13.35825.156 d17.13
MinimumVisualStudioVersion = 10.0.40219.1
Project("{FAE04EC0-301F-11D3-BF4B-00C04F79EFBC}") = "MauiAppMinhasCompras", "MauiAppMinhasCompras\MauiAppMinhasCompras.csproj", "{7A34394E-60AA-4EAF-AB79-C4AE1F92A9CF}"
EndProject
Global
	GlobalSection(SolutionConfigurationPlatforms) = preSolution
		Debug|Any CPU = Debug|Any CPU
		Release|Any CPU = Release|Any CPU
	EndGlobalSection
	GlobalSection(ProjectConfigurationPlatforms) = postSolution
		{7A34394E-60AA-4EAF-AB79-C4AE1F92A9CF}.Debug|Any CPU.ActiveCfg = Debug|Any CPU
		{7A34394E-60AA-4EAF-AB79-C4AE1F92A9CF}.Debug|Any CPU.Build.0 = Debug|Any CPU
		{7A34394E-60AA-4EAF-AB79-C4AE1F92A9CF}.Release|Any CPU.ActiveCfg = Release|Any CPU
		{7A34394E-60AA-4EAF-AB79-C4AE1F92A9CF}.Release|Any CPU.Build.0 = Release|Any CPU
	EndGlobalSection
	GlobalSection(SolutionProperties) = preSolution
		HideSolutionNode = FALSE
	EndGlobalSection
	GlobalSection(ExtensibilityGlobals) = postSolution
		SolutionGuid = {B6898B75-FB74-47B7-9FBC-B346F6205802}
	EndGlobalSection
EndGlobal
